
Microsoft Visual Studio Solution File, Format Version 12.00
# Visual Studio Version 17
VisualStudioVersion = 17.11.35327.3
MinimumVisualStudioVersion = 10.0.40219.1
Project("{FAE04EC0-301F-11D3-BF4B-00C04F79EFBC}") = "X_O2.0", "X_O2.0\X_O2.0.csproj", "{E91CADF2-EB2F-4D43-9D81-84D4B7211663}"
EndProject
Global
	GlobalSection(SolutionConfigurationPlatforms) = preSolution
		Debug|Any CPU = Debug|Any CPU
		Release|Any CPU = Release|Any CPU
	EndGlobalSection
	GlobalSection(ProjectConfigurationPlatforms) = postSolution
		{E91CADF2-EB2F-4D43-9D81-84D4B7211663}.Debug|Any CPU.ActiveCfg = Debug|Any CPU
		{E91CADF2-EB2F-4D43-9D81-84D4B7211663}.Debug|Any CPU.Build.0 = Debug|Any CPU
		{E91CADF2-EB2F-4D43-9D81-84D4B7211663}.Release|Any CPU.ActiveCfg = Release|Any CPU
		{E91CADF2-EB2F-4D43-9D81-84D4B7211663}.Release|Any CPU.Build.0 = Release|Any CPU
	EndGlobalSection
	GlobalSection(SolutionProperties) = preSolution
		HideSolutionNode = FALSE
	EndGlobalSection
	GlobalSection(ExtensibilityGlobals) = postSolution
		SolutionGuid = {97156331-3845-4E16-8816-420D4CD3FA73}
	EndGlobalSection
EndGlobal
